// !$*UTF8*$!
{
	archiveVersion = 1;
	classes = {
	};
	objectVersion = 46;
	objects = {

/* Begin PBXBuildFile section */
		9A907F281F0D3D2000C1A103 /* AppDelegate.swift in Sources */ = {isa = PBXBuildFile; fileRef = 9A907F271F0D3D2000C1A103 /* AppDelegate.swift */; };
		9A907F2A1F0D3D2000C1A103 /* ViewController.swift in Sources */ = {isa = PBXBuildFile; fileRef = 9A907F291F0D3D2000C1A103 /* ViewController.swift */; };
		9A907F2D1F0D3D2000C1A103 /* Main.storyboard in Resources */ = {isa = PBXBuildFile; fileRef = 9A907F2B1F0D3D2000C1A103 /* Main.storyboard */; };
		9A907F2F1F0D3D2000C1A103 /* Assets.xcassets in Resources */ = {isa = PBXBuildFile; fileRef = 9A907F2E1F0D3D2000C1A103 /* Assets.xcassets */; };
		9A907F321F0D3D2000C1A103 /* LaunchScreen.storyboard in Resources */ = {isa = PBXBuildFile; fileRef = 9A907F301F0D3D2000C1A103 /* LaunchScreen.storyboard */; };
/* End PBXBuildFile section */

/* Begin PBXFileReference section */
		9A907F241F0D3D2000C1A103 /* websocket-ios.app */ = {isa = PBXFileReference; explicitFileType = wrapper.application; includeInIndex = 0; path = "websocket-ios.app"; sourceTree = BUILT_PRODUCTS_DIR; };
		9A907F271F0D3D2000C1A103 /* AppDelegate.swift */ = {isa = PBXFileReference; lastKnownFileType = sourcecode.swift; path = AppDelegate.swift; sourceTree = "<group>"; };
		9A907F291F0D3D2000C1A103 /* ViewController.swift */ = {isa = PBXFileReference; lastKnownFileType = sourcecode.swift; path = ViewController.swift; sourceTree = "<group>"; };
		9A907F2C1F0D3D2000C1A103 /* Base */ = {isa = PBXFileReference; lastKnownFileType = file.storyboard; name = Base; path = Base.lproj/Main.storyboard; sourceTree = "<group>"; };
		9A907F2E1F0D3D2000C1A103 /* Assets.xcassets */ = {isa = PBXFileReference; lastKnownFileType = folder.assetcatalog; path = Assets.xcassets; sourceTree = "<group>"; };
		9A907F311F0D3D2000C1A103 /* Base */ = {isa = PBXFileReference; lastKnownFileType = file.storyboard; name = Base; path = Base.lproj/LaunchScreen.storyboard; sourceTree = "<group>"; };
		9A907F331F0D3D2000C1A103 /* Info.plist */ = {isa = PBXFileReference; lastKnownFileType = text.plist.xml; path = Info.plist; sourceTree = "<group>"; };
/* End PBXFileReference section */

/* Begin PBXFrameworksBuildPhase section */
		9A907F211F0D3D2000C1A103 /* Frameworks */ = {
			isa = PBXFrameworksBuildPhase;
			buildActionMask = 2147483647;
			files = (
			);
			runOnlyForDeploymentPostprocessing = 0;
		};
/* End PBXFrameworksBuildPhase section */

/* Begin PBXGroup section */
		9A907F1B1F0D3D2000C1A103 = {
			isa = PBXGroup;
			children = (
				9A907F261F0D3D2000C1A103 /* websocket-ios */,
				9A907F251F0D3D2000C1A103 /* Products */,
			);
			sourceTree = "<group>";
		};
		9A907F251F0D3D2000C1A103 /* Products */ = {
			isa = PBXGroup;
			children = (
				9A907F241F0D3D2000C1A103 /* websocket-ios.app */,
			);
			name = Products;
			sourceTree = "<group>";
		};
		9A907F261F0D3D2000C1A103 /* websocket-ios */ = {
			isa = PBXGroup;
			children = (
				9A907F271F0D3D2000C1A103 /* AppDelegate.swift */,
				9A907F291F0D3D2000C1A103 /* ViewController.swift */,
				9A907F2B1F0D3D2000C1A103 /* Main.storyboard */,
				9A907F2E1F0D3D2000C1A103 /* Assets.xcassets */,
				9A907F301F0D3D2000C1A103 /* LaunchScreen.storyboard */,
				9A907F331F0D3D2000C1A103 /* Info.plist */,
			);
			path = "websocket-ios";
			sourceTree = "<group>";
		};
/* End PBXGroup section */

/* Begin PBXNativeTarget section */
		9A907F231F0D3D2000C1A103 /* websocket-ios */ = {
			isa = PBXNativeTarget;
			buildConfigurationList = 9A907F361F0D3D2000C1A103 /* Build configuration list for PBXNativeTarget "websocket-ios" */;
			buildPhases = (
				9A907F201F0D3D2000C1A103 /* Sources */,
				9A907F211F0D3D2000C1A103 /* Frameworks */,
				9A907F221F0D3D2000C1A103 /* Resources */,
			);
			buildRules = (
			);
			dependencies = (
			);
			name = "websocket-ios";
			productName = "websocket-ios";
			productReference = 9A907F241F0D3D2000C1A103 /* websocket-ios.app */;
			productType = "com.apple.product-type.application";
		};
/* End PBXNativeTarget section */

/* Begin PBXProject section */
		9A907F1C1F0D3D2000C1A103 /* Project object */ = {
			isa = PBXProject;
			attributes = {
				LastSwiftUpdateCheck = 0830;
				LastUpgradeCheck = 0830;
				ORGANIZATIONNAME = konojunya;
				TargetAttributes = {
					9A907F231F0D3D2000C1A103 = {
						CreatedOnToolsVersion = 8.3.2;
						DevelopmentTeam = RH75B2UCHQ;
						ProvisioningStyle = Automatic;
					};
				};
			};
			buildConfigurationList = 9A907F1F1F0D3D2000C1A103 /* Build configuration list for PBXProject "websocket-ios" */;
			compatibilityVersion = "Xcode 3.2";
			developmentRegion = English;
			hasScannedForEncodings = 0;
			knownRegions = (
				en,
				Base,
			);
			mainGroup = 9A907F1B1F0D3D2000C1A103;
			productRefGroup = 9A907F251F0D3D2000C1A103 /* Products */;
			projectDirPath = "";
			projectRoot = "";
			targets = (
				9A907F231F0D3D2000C1A103 /* websocket-ios */,
			);
		};
/* End PBXProject section */

/* Begin PBXResourcesBuildPhase section */
		9A907F221F0D3D2000C1A103 /* Resources */ = {
			isa = PBXResourcesBuildPhase;
			buildActionMask = 2147483647;
			files = (
				9A907F321F0D3D2000C1A103 /* LaunchScreen.storyboard in Resources */,
				9A907F2F1F0D3D2000C1A103 /* Assets.xcassets in Resources */,
				9A907F2D1F0D3D2000C1A103 /* Main.storyboard in Resources */,
			);
			runOnlyForDeploymentPostprocessing = 0;
		};
/* End PBXResourcesBuildPhase section */

/* Begin PBXSourcesBuildPhase section */
		9A907F201F0D3D2000C1A103 /* Sources */ = {
			isa = PBXSourcesBuildPhase;
			buildActionMask = 2147483647;
			files = (
				9A907F2A1F0D3D2000C1A103 /* ViewController.swift in Sources */,
				9A907F281F0D3D2000C1A103 /* AppDelegate.swift in Sources */,
			);
			runOnlyForDeploymentPostprocessing = 0;
		};
/* End PBXSourcesBuildPhase section */

/* Begin PBXVariantGroup section */
		9A907F2B1F0D3D2000C1A103 /* Main.storyboard */ = {
			isa = PBXVariantGroup;
			children = (
				9A907F2C1F0D3D2000C1A103 /* Base */,
			);
			name = Main.storyboard;
			sourceTree = "<group>";
		};
		9A907F301F0D3D2000C1A103 /* LaunchScreen.storyboard */ = {
			isa = PBXVariantGroup;
			children = (
				9A907F311F0D3D2000C1A103 /* Base */,
			);
			name = LaunchScreen.storyboard;
			sourceTree = "<group>";
		};
/* End PBXVariantGroup section */

/* Begin XCBuildConfiguration section */
		9A907F341F0D3D2000C1A103 /* Debug */ = {
			isa = XCBuildConfiguration;
			buildSettings = {
				ALWAYS_SEARCH_USER_PATHS = NO;
				CLANG_ANALYZER_NONNULL = YES;
				CLANG_ANALYZER_NUMBER_OBJECT_CONVERSION = YES_AGGRESSIVE;
				CLANG_CXX_LANGUAGE_STANDARD = "gnu++0x";
				CLANG_CXX_LIBRARY = "libc++";
				CLANG_ENABLE_MODULES = YES;
				CLANG_ENABLE_OBJC_ARC = YES;
				CLANG_WARN_BOOL_CONVERSION = YES;
				CLANG_WARN_CONSTANT_CONVERSION = YES;
				CLANG_WARN_DIRECT_OBJC_ISA_USAGE = YES_ERROR;
				CLANG_WARN_DOCUMENTATION_COMMENTS = YES;
				CLANG_WARN_EMPTY_BODY = YES;
				CLANG_WARN_ENUM_CONVERSION = YES;
				CLANG_WARN_INFINITE_RECURSION = YES;
				CLANG_WARN_INT_CONVERSION = YES;
				CLANG_WARN_OBJC_ROOT_CLASS = YES_ERROR;
				CLANG_WARN_SUSPICIOUS_MOVE = YES;
				CLANG_WARN_UNREACHABLE_CODE = YES;
				CLANG_WARN__DUPLICATE_METHOD_MATCH = YES;
				"CODE_SIGN_IDENTITY[sdk=iphoneos*]" = "iPhone Developer";
				COPY_PHASE_STRIP = NO;
				DEBUG_INFORMATION_FORMAT = dwarf;
				ENABLE_STRICT_OBJC_MSGSEND = YES;
				ENABLE_TESTABILITY = YES;
				GCC_C_LANGUAGE_STANDARD = gnu99;
				GCC_DYNAMIC_NO_PIC = NO;
				GCC_NO_COMMON_BLOCKS = YES;
				GCC_OPTIMIZATION_LEVEL = 0;
				GCC_PREPROCESSOR_DEFINITIONS = (
					"DEBUG=1",
					"$(inherited)",
				);
				GCC_WARN_64_TO_32_BIT_CONVERSION = YES;
				GCC_WARN_ABOUT_RETURN_TYPE = YES_ERROR;
				GCC_WARN_UNDECLARED_SELECTOR = YES;
				GCC_WARN_UNINITIALIZED_AUTOS = YES_AGGRESSIVE;
				GCC_WARN_UNUSED_FUNCTION = YES;
				GCC_WARN_UNUSED_VARIABLE = YES;
				IPHONEOS_DEPLOYMENT_TARGET = 10.3;
				MTL_ENABLE_DEBUG_INFO = YES;
				ONLY_ACTIVE_ARCH = YES;
				SDKROOT = iphoneos;
				SWIFT_ACTIVE_COMPILATION_CONDITIONS = DEBUG;
				SWIFT_OPTIMIZATION_LEVEL = "-Onone";
			};
			name = Debug;
		};
		9A907F351F0D3D2000C1A103 /* Release */ = {
			isa = XCBuildConfiguration;
			buildSettings = {
				ALWAYS_SEARCH_USER_PATHS = NO;
				CLANG_ANALYZER_NONNULL = YES;
				CLANG_ANALYZER_NUMBER_OBJECT_CONVERSION = YES_AGGRESSIVE;
				CLANG_CXX_LANGUAGE_STANDARD = "gnu++0x";
				CLANG_CXX_LIBRARY = "libc++";
				CLANG_ENABLE_MODULES = YES;
				CLANG_ENABLE_OBJC_ARC = YES;
				CLANG_WARN_BOOL_CONVERSION = YES;
				CLANG_WARN_CONSTANT_CONVERSION = YES;
				CLANG_WARN_DIRECT_OBJC_ISA_USAGE = YES_ERROR;
				CLANG_WARN_DOCUMENTATION_COMMENTS = YES;
				CLANG_WARN_EMPTY_BODY = YES;
				CLANG_WARN_ENUM_CONVERSION = YES;
				CLANG_WARN_INFINITE_RECURSION = YES;
				CLANG_WARN_INT_CONVERSION = YES;
				CLANG_WARN_OBJC_ROOT_CLASS = YES_ERROR;
				CLANG_WARN_SUSPICIOUS_MOVE = YES;
				CLANG_WARN_UNREACHABLE_CODE = YES;
				CLANG_WARN__DUPLICATE_METHOD_MATCH = YES;
				"CODE_SIGN_IDENTITY[sdk=iphoneos*]" = "iPhone Developer";
				COPY_PHASE_STRIP = NO;
				DEBUG_INFORMATION_FORMAT = "dwarf-with-dsym";
				ENABLE_NS_ASSERTIONS = NO;
				ENABLE_STRICT_OBJC_MSGSEND = YES;
				GCC_C_LANGUAGE_STANDARD = gnu99;
				GCC_NO_COMMON_BLOCKS = YES;
				GCC_WARN_64_TO_32_BIT_CONVERSION = YES;
				GCC_WARN_ABOUT_RETURN_TYPE = YES_ERROR;
				GCC_WARN_UNDECLARED_SELECTOR = YES;
				GCC_WARN_UNINITIALIZED_AUTOS = YES_AGGRESSIVE;
				GCC_WARN_UNUSED_FUNCTION = YES;
				GCC_WARN_UNUSED_VARIABLE = YES;
				IPHONEOS_DEPLOYMENT_TARGET = 10.3;
				MTL_ENABLE_DEBUG_INFO = NO;
				SDKROOT = iphoneos;
				SWIFT_OPTIMIZATION_LEVEL = "-Owholemodule";
				VALIDATE_PRODUCT = YES;
			};
			name = Release;
		};
		9A907F371F0D3D2000C1A103 /* Debug */ = {
			isa = XCBuildConfiguration;
			buildSettings = {
				ASSETCATALOG_COMPILER_APPICON_NAME = AppIcon;
				DEVELOPMENT_TEAM = RH75B2UCHQ;
				INFOPLIST_FILE = "websocket-ios/Info.plist";
				LD_RUNPATH_SEARCH_PATHS = "$(inherited) @executable_path/Frameworks";
				PRODUCT_BUNDLE_IDENTIFIER = "konojunya.websocket-ios";
				PRODUCT_NAME = "$(TARGET_NAME)";
				SWIFT_VERSION = 3.0;
			};
			name = Debug;
		};
		9A907F381F0D3D2000C1A103 /* Release */ = {
			isa = XCBuildConfiguration;
			buildSettings = {
				ASSETCATALOG_COMPILER_APPICON_NAME = AppIcon;
				DEVELOPMENT_TEAM = RH75B2UCHQ;
				INFOPLIST_FILE = "websocket-ios/Info.plist";
				LD_RUNPATH_SEARCH_PATHS = "$(inherited) @executable_path/Frameworks";
				PRODUCT_BUNDLE_IDENTIFIER = "konojunya.websocket-ios";
				PRODUCT_NAME = "$(TARGET_NAME)";
				SWIFT_VERSION = 3.0;
			};
			name = Release;
		};
/* End XCBuildConfiguration section */

/* Begin XCConfigurationList section */
		9A907F1F1F0D3D2000C1A103 /* Build configuration list for PBXProject "websocket-ios" */ = {
			isa = XCConfigurationList;
			buildConfigurations = (
				9A907F341F0D3D2000C1A103 /* Debug */,
				9A907F351F0D3D2000C1A103 /* Release */,
			);
			defaultConfigurationIsVisible = 0;
			defaultConfigurationName = Release;
		};
		9A907F361F0D3D2000C1A103 /* Build configuration list for PBXNativeTarget "websocket-ios" */ = {
			isa = XCConfigurationList;
			buildConfigurations = (
				9A907F371F0D3D2000C1A103 /* Debug */,
				9A907F381F0D3D2000C1A103 /* Release */,
			);
			defaultConfigurationIsVisible = 0;
		};
/* End XCConfigurationList section */
	};
	rootObject = 9A907F1C1F0D3D2000C1A103 /* Project object */;
}
